PODS:
  - Flutter (1.0.0)
  - integration_test (0.0.1):
    - Flutter
  - secure_device_context (1.0.0):
    - Flutter
    - SecureDeviceContext (= 1.0.0)
  - SecureDeviceContext (1.0.0)

DEPENDENCIES:
  - Flutter (from `Flutter`)
  - integration_test (from `.symlinks/plugins/integration_test/ios`)
  - secure_device_context (from `.symlinks/plugins/secure_device_context/ios`)

SPEC REPOS:
  trunk:
    - SecureDeviceContext

EXTERNAL SOURCES:
  Flutter:
    :path: Flutter
  integration_test:
    :path: ".symlinks/plugins/integration_test/ios"
  secure_device_context:
    :path: ".symlinks/plugins/secure_device_context/ios"

SPEC CHECKSUMS:
  Flutter: e0871f40cf51350855a761d2e70bf5af5b9b5de7
  integration_test: 4a889634ef21a45d28d50d622cf412dc6d9f586e
  secure_device_context: 8d167f44a791e811d2b80c32caad4dddb6da27f2
  SecureDeviceContext: 8bae4d6a326cd56a7aed31e427e082cb2158ef4c

PODFILE CHECKSUM: 4305caec6b40dde0ae97be1573c53de1882a07e5

COCOAPODS: 1.16.2
